
Microsoft Visual Studio Solution File, Format Version 12.00
# Visual Studio 15
VisualStudioVersion = 15.0.27428.2027
MinimumVisualStudioVersion = 10.0.40219.1
Project("{FAE04EC0-301F-11D3-BF4B-00C04F79EFBC}") = "WebAppAzure", "WebAppAzure\WebAppAzure.csproj", "{74627CC3-2C73-4BDD-87FD-9535ECD259BE}"
EndProject
Project("{E53339B2-1760-4266-BCC7-CA923CBCF16C}") = "docker-compose", "docker-compose.dcproj", "{8843B778-DD59-4ECA-9441-DB914B4DE60F}"
EndProject
Global
	GlobalSection(SolutionConfigurationPlatforms) = preSolution
		Debug|Any CPU = Debug|Any CPU
		Release|Any CPU = Release|Any CPU
	EndGlobalSection
	GlobalSection(ProjectConfigurationPlatforms) = postSolution
		{74627CC3-2C73-4BDD-87FD-9535ECD259BE}.Debug|Any CPU.ActiveCfg = Debug|Any CPU
		{74627CC3-2C73-4BDD-87FD-9535ECD259BE}.Debug|Any CPU.Build.0 = Debug|Any CPU
		{74627CC3-2C73-4BDD-87FD-9535ECD259BE}.Release|Any CPU.ActiveCfg = Release|Any CPU
		{74627CC3-2C73-4BDD-87FD-9535ECD259BE}.Release|Any CPU.Build.0 = Release|Any CPU
		{8843B778-DD59-4ECA-9441-DB914B4DE60F}.Debug|Any CPU.ActiveCfg = Debug|Any CPU
		{8843B778-DD59-4ECA-9441-DB914B4DE60F}.Debug|Any CPU.Build.0 = Debug|Any CPU
		{8843B778-DD59-4ECA-9441-DB914B4DE60F}.Release|Any CPU.ActiveCfg = Release|Any CPU
		{8843B778-DD59-4ECA-9441-DB914B4DE60F}.Release|Any CPU.Build.0 = Release|Any CPU
	EndGlobalSection
	GlobalSection(SolutionProperties) = preSolution
		HideSolutionNode = FALSE
	EndGlobalSection
	GlobalSection(ExtensibilityGlobals) = postSolution
		SolutionGuid = {5A80220D-CA53-4DC0-9F44-A70A4E6ED914}
	EndGlobalSection
EndGlobal
